{
  "version": 4,
  "terraform_version": "1.11.1",
  "serial": 8,
  "lineage": "3f98da83-167d-a335-aa50-cd6e14124684",
  "outputs": {},
  "resources": [
    {
      "mode": "data",
      "type": "aws_ami",
      "name": "deep_learning_ami",
      "provider": "provider[\"registry.terraform.io/hashicorp/aws\"]",
      "instances": [
        {
          "schema_version": 0,
          "attributes": {
            "architecture": "x86_64",
            "arn": "arn:aws:ec2:us-east-1::image/ami-0b0307e6a5c41a255",
            "block_device_mappings": [
              {
                "device_name": "/dev/xvda",
                "ebs": {
                  "delete_on_termination": "true",
                  "encrypted": "false",
                  "iops": "3000",
                  "snapshot_id": "snap-0a56840022098f8ca",
                  "throughput": "125",
                  "volume_size": "105",
                  "volume_type": "gp3"
                },
                "no_device": "",
                "virtual_name": ""
              }
            ],
            "boot_mode": "",
            "creation_date": "2023-11-08T11:58:14.000Z",
            "deprecation_time": "2025-11-08T11:58:14.000Z",
            "description": "Supported EC2 instances: G3*, P3*, P4*, G5*, G4dn*, Inf1*. PyTorch-2.0, TensorFlow-2.13, Neuron. Release notes: https://docs.aws.amazon.com/dlami/latest/devguide/appendix-ami-release-notes.html",
            "ena_support": true,
            "executable_users": null,
            "filter": [
              {
                "name": "name",
                "values": [
                  "Deep Learning AMI (Amazon Linux 2) Version *"
                ]
              },
              {
                "name": "virtualization-type",
                "values": [
                  "hvm"
                ]
              }
            ],
            "hypervisor": "xen",
            "id": "ami-0b0307e6a5c41a255",
            "image_id": "ami-0b0307e6a5c41a255",
            "image_location": "amazon/Deep Learning AMI (Amazon Linux 2) Version 74.5",
            "image_owner_alias": "amazon",
            "image_type": "machine",
            "imds_support": "",
            "include_deprecated": false,
            "kernel_id": "",
            "last_launched_time": "",
            "most_recent": true,
            "name": "Deep Learning AMI (Amazon Linux 2) Version 74.5",
            "name_regex": null,
            "owner_id": "898082745236",
            "owners": [
              "amazon"
            ],
            "platform": "",
            "platform_details": "Linux/UNIX",
            "product_codes": [],
            "public": true,
            "ramdisk_id": "",
            "root_device_name": "/dev/xvda",
            "root_device_type": "ebs",
            "root_snapshot_id": "snap-0a56840022098f8ca",
            "sriov_net_support": "simple",
            "state": "available",
            "state_reason": {
              "code": "UNSET",
              "message": "UNSET"
            },
            "tags": {},
            "timeouts": null,
            "tpm_support": "",
            "uefi_data": null,
            "usage_operation": "RunInstances",
            "virtualization_type": "hvm"
          },
          "sensitive_attributes": []
        }
      ]
    },
    {
      "mode": "managed",
      "type": "aws_key_pair",
      "name": "training_key",
      "provider": "provider[\"registry.terraform.io/hashicorp/aws\"]",
      "instances": [
        {
          "schema_version": 1,
          "attributes": {
            "arn": "arn:aws:ec2:us-east-1:911167903982:key-pair/training-key",
            "fingerprint": "8d:c3:f6:a8:05:5e:4b:2b:ea:10:20:1f:b8:a6:e2:21",
            "id": "training-key",
            "key_name": "training-key",
            "key_name_prefix": "",
            "key_pair_id": "key-04f10a03066a1d980",
            "key_type": "rsa",
            "public_key": "ssh-rsa AAAAB3NzaC1yc2EAAAADAQABAAABgQC2BBKw/S5G4yE3bU/5hy0OQmQDP/A/SZhHRJPJfzJy9HACrfuVQozDYnVACgSKQQ7STMQmWvfUPTCudLT/g0Ld7ThbYSWxRK/P6RiC5vhZlyyLxdCdhf9BA20DbAOrVyxd/48d51zdW6RGNxvvZLC0gLdTr5VLk0sKOu3linUPk0UHL+4dxn5Jx75eO/hlNaa7IfibfHjvmM2CN4CuNAOs3ENRbQkH1U6lUmo3pa6LrtAw8LoqV+EtG3cbPla2ZoddbLJN0+ueAmYWaSoBLo9vvfC07zQmJ6tmXE0epLfa5vOGUjEdN4hcugejQmMRk6BEoJUIFgWN27uK2KbHyRG7WuRbojfQ9suyavtBYpX2SblHfnnfuLHU0hQrN/jXl+kaPlSBjyqQXKw1VcNzC39IVFviA0V5w9U/TVdb1i99UIEZSiT1Xdgv11JRlJNISi5blkoLojcCGD5OVgWO9cy8p1pFRzvx9wiiJkjmaynycGc+Kse2zovROGX6NZSrBW8= javier.marroquin@sisnovasa.com",
            "tags": {},
            "tags_all": {}
          },
          "sensitive_attributes": [],
          "private": "eyJzY2hlbWFfdmVyc2lvbiI6IjEifQ=="
        }
      ]
    },
    {
      "mode": "managed",
      "type": "aws_security_group",
      "name": "training_sg",
      "provider": "provider[\"registry.terraform.io/hashicorp/aws\"]",
      "instances": [
        {
          "schema_version": 1,
          "attributes": {
            "arn": "arn:aws:ec2:us-east-1:911167903982:security-group/sg-0aea7e0e67d5185d3",
            "description": "Allow SSH and internet access for training",
            "egress": [
              {
                "cidr_blocks": [
                  "0.0.0.0/0"
                ],
                "description": "",
                "from_port": 0,
                "ipv6_cidr_blocks": [],
                "prefix_list_ids": [],
                "protocol": "-1",
                "security_groups": [],
                "self": false,
                "to_port": 0
              }
            ],
            "id": "sg-0aea7e0e67d5185d3",
            "ingress": [
              {
                "cidr_blocks": [
                  "0.0.0.0/0"
                ],
                "description": "",
                "from_port": 22,
                "ipv6_cidr_blocks": [],
                "prefix_list_ids": [],
                "protocol": "tcp",
                "security_groups": [],
                "self": false,
                "to_port": 22
              }
            ],
            "name": "training-sg",
            "name_prefix": "",
            "owner_id": "911167903982",
            "revoke_rules_on_delete": false,
            "tags": {
              "Name": "training-sg"
            },
            "tags_all": {
              "Name": "training-sg"
            },
            "timeouts": null,
            "vpc_id": "vpc-06e1674add85d6741"
          },
          "sensitive_attributes": [],
          "private": "eyJlMmJmYjczMC1lY2FhLTExZTYtOGY4OC0zNDM2M2JjN2M0YzAiOnsiY3JlYXRlIjo2MDAwMDAwMDAwMDAsImRlbGV0ZSI6OTAwMDAwMDAwMDAwfSwic2NoZW1hX3ZlcnNpb24iOiIxIn0="
        }
      ]
    }
  ],
  "check_results": null
}
